
Microsoft Visual Studio Solution File, Format Version 12.00
# Visual Studio Version 16
VisualStudioVersion = 16.0.29806.167
MinimumVisualStudioVersion = 10.0.40219.1
Project("{FAE04EC0-301F-11D3-BF4B-00C04F79EFBC}") = "ModalWindow", "ModalWindow\ModalWindow.csproj", "{2B70FB44-AF48-4572-8733-14B4C41CD898}"
EndProject
Project("{FAE04EC0-301F-11D3-BF4B-00C04F79EFBC}") = "UControl", "UserControl\UControl.csproj", "{903154A3-D1F3-466D-95D0-769F7A86E965}"
EndProject
Project("{2150E333-8FDC-42A3-9474-1A3956D46DE8}") = "UserControl", "UserControl", "{66484F59-B3C3-443C-8610-A4792D263BEC}"
EndProject
Project("{FAE04EC0-301F-11D3-BF4B-00C04F79EFBC}") = "CommonModel", "CommonModel\CommonModel.csproj", "{0ECCFF98-2661-485D-816F-73D440B63A0A}"
EndProject
Global
	GlobalSection(SolutionConfigurationPlatforms) = preSolution
		Debug|Any CPU = Debug|Any CPU
		Release|Any CPU = Release|Any CPU
	EndGlobalSection
	GlobalSection(ProjectConfigurationPlatforms) = postSolution
		{2B70FB44-AF48-4572-8733-14B4C41CD898}.Debug|Any CPU.ActiveCfg = Debug|Any CPU
		{2B70FB44-AF48-4572-8733-14B4C41CD898}.Debug|Any CPU.Build.0 = Debug|Any CPU
		{2B70FB44-AF48-4572-8733-14B4C41CD898}.Release|Any CPU.ActiveCfg = Release|Any CPU
		{2B70FB44-AF48-4572-8733-14B4C41CD898}.Release|Any CPU.Build.0 = Release|Any CPU
		{903154A3-D1F3-466D-95D0-769F7A86E965}.Debug|Any CPU.ActiveCfg = Debug|Any CPU
		{903154A3-D1F3-466D-95D0-769F7A86E965}.Debug|Any CPU.Build.0 = Debug|Any CPU
		{903154A3-D1F3-466D-95D0-769F7A86E965}.Release|Any CPU.ActiveCfg = Release|Any CPU
		{903154A3-D1F3-466D-95D0-769F7A86E965}.Release|Any CPU.Build.0 = Release|Any CPU
		{0ECCFF98-2661-485D-816F-73D440B63A0A}.Debug|Any CPU.ActiveCfg = Debug|Any CPU
		{0ECCFF98-2661-485D-816F-73D440B63A0A}.Debug|Any CPU.Build.0 = Debug|Any CPU
		{0ECCFF98-2661-485D-816F-73D440B63A0A}.Release|Any CPU.ActiveCfg = Release|Any CPU
		{0ECCFF98-2661-485D-816F-73D440B63A0A}.Release|Any CPU.Build.0 = Release|Any CPU
	EndGlobalSection
	GlobalSection(SolutionProperties) = preSolution
		HideSolutionNode = FALSE
	EndGlobalSection
	GlobalSection(NestedProjects) = preSolution
		{903154A3-D1F3-466D-95D0-769F7A86E965} = {66484F59-B3C3-443C-8610-A4792D263BEC}
	EndGlobalSection
	GlobalSection(ExtensibilityGlobals) = postSolution
		SolutionGuid = {D4413807-ABA9-41FB-923D-B3FF41E6AC46}
	EndGlobalSection
EndGlobal
